
Microsoft Visual Studio Solution File, Format Version 12.00
# Visual Studio Version 17
VisualStudioVersion = 17.4.33213.308
MinimumVisualStudioVersion = 10.0.40219.1
Project("{9A19103F-16F7-4668-BE54-9A1E7A4F7556}") = "SignalRTestClient", "SignalRTestClient\SignalRTestClient.csproj", "{96A38D3F-913D-4DD0-93E1-3A9F6B4E9065}"
EndProject
Project("{9A19103F-16F7-4668-BE54-9A1E7A4F7556}") = "Jellyfish", "Jellyfish\Jellyfish.csproj", "{50894ABF-0BE6-4C44-BD6A-A001D2637C77}"
EndProject
Global
	GlobalSection(SolutionConfigurationPlatforms) = preSolution
		Debug|Any CPU = Debug|Any CPU
		Release|Any CPU = Release|Any CPU
	EndGlobalSection
	GlobalSection(ProjectConfigurationPlatforms) = postSolution
		{96A38D3F-913D-4DD0-93E1-3A9F6B4E9065}.Debug|Any CPU.ActiveCfg = Debug|Any CPU
		{96A38D3F-913D-4DD0-93E1-3A9F6B4E9065}.Debug|Any CPU.Build.0 = Debug|Any CPU
		{96A38D3F-913D-4DD0-93E1-3A9F6B4E9065}.Release|Any CPU.ActiveCfg = Release|Any CPU
		{96A38D3F-913D-4DD0-93E1-3A9F6B4E9065}.Release|Any CPU.Build.0 = Release|Any CPU
		{50894ABF-0BE6-4C44-BD6A-A001D2637C77}.Debug|Any CPU.ActiveCfg = Debug|Any CPU
		{50894ABF-0BE6-4C44-BD6A-A001D2637C77}.Debug|Any CPU.Build.0 = Debug|Any CPU
		{50894ABF-0BE6-4C44-BD6A-A001D2637C77}.Debug|Any CPU.Deploy.0 = Debug|Any CPU
		{50894ABF-0BE6-4C44-BD6A-A001D2637C77}.Release|Any CPU.ActiveCfg = Release|Any CPU
		{50894ABF-0BE6-4C44-BD6A-A001D2637C77}.Release|Any CPU.Build.0 = Release|Any CPU
		{50894ABF-0BE6-4C44-BD6A-A001D2637C77}.Release|Any CPU.Deploy.0 = Release|Any CPU
	EndGlobalSection
	GlobalSection(SolutionProperties) = preSolution
		HideSolutionNode = FALSE
	EndGlobalSection
	GlobalSection(ExtensibilityGlobals) = postSolution
		SolutionGuid = {CC84F9AF-6835-4B9A-9097-FD06A7AF092B}
	EndGlobalSection
EndGlobal
